
Microsoft Visual Studio Solution File, Format Version 12.00
# Visual Studio Version 17
VisualStudioVersion = 17.12.35707.178 d17.12
MinimumVisualStudioVersion = 10.0.40219.1
Project("{FAE04EC0-301F-11D3-BF4B-00C04F79EFBC}") = "NursingEducationalBackend", "NursingEducationalBackend\NursingEducationalBackend.csproj", "{82855035-D6B0-4220-BE0C-649E97DE2F43}"
EndProject
Project("{FAE04EC0-301F-11D3-BF4B-00C04F79EFBC}") = "NursingEducationalBackend.Tests", "NursingEducationalBackend.Tests\NursingEducationalBackend.Tests.csproj", "{DD05B5E6-26AD-47F1-8E65-B0973644E62D}"
EndProject
Global
	GlobalSection(SolutionConfigurationPlatforms) = preSolution
		Debug|Any CPU = Debug|Any CPU
		Release|Any CPU = Release|Any CPU
	EndGlobalSection
	GlobalSection(ProjectConfigurationPlatforms) = postSolution
		{82855035-D6B0-4220-BE0C-649E97DE2F43}.Debug|Any CPU.ActiveCfg = Debug|Any CPU
		{82855035-D6B0-4220-BE0C-649E97DE2F43}.Debug|Any CPU.Build.0 = Debug|Any CPU
		{82855035-D6B0-4220-BE0C-649E97DE2F43}.Release|Any CPU.ActiveCfg = Release|Any CPU
		{82855035-D6B0-4220-BE0C-649E97DE2F43}.Release|Any CPU.Build.0 = Release|Any CPU
		{DD05B5E6-26AD-47F1-8E65-B0973644E62D}.Debug|Any CPU.ActiveCfg = Debug|Any CPU
		{DD05B5E6-26AD-47F1-8E65-B0973644E62D}.Debug|Any CPU.Build.0 = Debug|Any CPU
		{DD05B5E6-26AD-47F1-8E65-B0973644E62D}.Release|Any CPU.ActiveCfg = Release|Any CPU
		{DD05B5E6-26AD-47F1-8E65-B0973644E62D}.Release|Any CPU.Build.0 = Release|Any CPU
	EndGlobalSection
	GlobalSection(SolutionProperties) = preSolution
		HideSolutionNode = FALSE
	EndGlobalSection
EndGlobal
